// !$*UTF8*$!
{
	archiveVersion = 1;
	classes = {
	};
	objectVersion = 50;
	objects = {

/* Begin PBXBuildFile section */
		96A6BF4922D0408E00D280F7 /* AppDelegate.swift in Sources */ = {isa = PBXBuildFile; fileRef = 96A6BF4822D0408E00D280F7 /* AppDelegate.swift */; };
		96A6BF4E22D0408E00D280F7 /* Main.storyboard in Resources */ = {isa = PBXBuildFile; fileRef = 96A6BF4C22D0408E00D280F7 /* Main.storyboard */; };
		96A6BF5122D0408E00D280F7 /* Show_Tracker.xcdatamodeld in Sources */ = {isa = PBXBuildFile; fileRef = 96A6BF4F22D0408E00D280F7 /* Show_Tracker.xcdatamodeld */; };
		96A6BF5322D0408F00D280F7 /* Assets.xcassets in Resources */ = {isa = PBXBuildFile; fileRef = 96A6BF5222D0408F00D280F7 /* Assets.xcassets */; };
		96A6BF5622D0408F00D280F7 /* LaunchScreen.storyboard in Resources */ = {isa = PBXBuildFile; fileRef = 96A6BF5422D0408F00D280F7 /* LaunchScreen.storyboard */; };
		96A6BF6122D0408F00D280F7 /* Show_TrackerTests.swift in Sources */ = {isa = PBXBuildFile; fileRef = 96A6BF6022D0408F00D280F7 /* Show_TrackerTests.swift */; };
		96A6BF6C22D0408F00D280F7 /* Show_TrackerUITests.swift in Sources */ = {isa = PBXBuildFile; fileRef = 96A6BF6B22D0408F00D280F7 /* Show_TrackerUITests.swift */; };
		96A6BF7A22D0410D00D280F7 /* ShowTableViewController.swift in Sources */ = {isa = PBXBuildFile; fileRef = 96A6BF7922D0410D00D280F7 /* ShowTableViewController.swift */; };
		96B5107F22D13F2100E710C8 /* EditShowViewController.swift in Sources */ = {isa = PBXBuildFile; fileRef = 96B5107E22D13F2100E710C8 /* EditShowViewController.swift */; };
/* End PBXBuildFile section */

/* Begin PBXContainerItemProxy section */
		96A6BF5D22D0408F00D280F7 /* PBXContainerItemProxy */ = {
			isa = PBXContainerItemProxy;
			containerPortal = 96A6BF3D22D0408E00D280F7 /* Project object */;
			proxyType = 1;
			remoteGlobalIDString = 96A6BF4422D0408E00D280F7;
			remoteInfo = "Show Tracker";
		};
		96A6BF6822D0408F00D280F7 /* PBXContainerItemProxy */ = {
			isa = PBXContainerItemProxy;
			containerPortal = 96A6BF3D22D0408E00D280F7 /* Project object */;
			proxyType = 1;
			remoteGlobalIDString = 96A6BF4422D0408E00D280F7;
			remoteInfo = "Show Tracker";
		};
/* End PBXContainerItemProxy section */

/* Begin PBXFileReference section */
		96A6BF4522D0408E00D280F7 /* Show Tracker.app */ = {isa = PBXFileReference; explicitFileType = wrapper.application; includeInIndex = 0; path = "Show Tracker.app"; sourceTree = BUILT_PRODUCTS_DIR; };
		96A6BF4822D0408E00D280F7 /* AppDelegate.swift */ = {isa = PBXFileReference; lastKnownFileType = sourcecode.swift; path = AppDelegate.swift; sourceTree = "<group>"; };
		96A6BF4D22D0408E00D280F7 /* Base */ = {isa = PBXFileReference; lastKnownFileType = file.storyboard; name = Base; path = Base.lproj/Main.storyboard; sourceTree = "<group>"; };
		96A6BF5022D0408E00D280F7 /* Show_Tracker.xcdatamodel */ = {isa = PBXFileReference; lastKnownFileType = wrapper.xcdatamodel; path = Show_Tracker.xcdatamodel; sourceTree = "<group>"; };
		96A6BF5222D0408F00D280F7 /* Assets.xcassets */ = {isa = PBXFileReference; lastKnownFileType = folder.assetcatalog; path = Assets.xcassets; sourceTree = "<group>"; };
		96A6BF5522D0408F00D280F7 /* Base */ = {isa = PBXFileReference; lastKnownFileType = file.storyboard; name = Base; path = Base.lproj/LaunchScreen.storyboard; sourceTree = "<group>"; };
		96A6BF5722D0408F00D280F7 /* Info.plist */ = {isa = PBXFileReference; lastKnownFileType = text.plist.xml; path = Info.plist; sourceTree = "<group>"; };
		96A6BF5C22D0408F00D280F7 /* Show TrackerTests.xctest */ = {isa = PBXFileReference; explicitFileType = wrapper.cfbundle; includeInIndex = 0; path = "Show TrackerTests.xctest"; sourceTree = BUILT_PRODUCTS_DIR; };
		96A6BF6022D0408F00D280F7 /* Show_TrackerTests.swift */ = {isa = PBXFileReference; lastKnownFileType = sourcecode.swift; path = Show_TrackerTests.swift; sourceTree = "<group>"; };
		96A6BF6222D0408F00D280F7 /* Info.plist */ = {isa = PBXFileReference; lastKnownFileType = text.plist.xml; path = Info.plist; sourceTree = "<group>"; };
		96A6BF6722D0408F00D280F7 /* Show TrackerUITests.xctest */ = {isa = PBXFileReference; explicitFileType = wrapper.cfbundle; includeInIndex = 0; path = "Show TrackerUITests.xctest"; sourceTree = BUILT_PRODUCTS_DIR; };
		96A6BF6B22D0408F00D280F7 /* Show_TrackerUITests.swift */ = {isa = PBXFileReference; lastKnownFileType = sourcecode.swift; path = Show_TrackerUITests.swift; sourceTree = "<group>"; };
		96A6BF6D22D0408F00D280F7 /* Info.plist */ = {isa = PBXFileReference; lastKnownFileType = text.plist.xml; path = Info.plist; sourceTree = "<group>"; };
		96A6BF7922D0410D00D280F7 /* ShowTableViewController.swift */ = {isa = PBXFileReference; lastKnownFileType = sourcecode.swift; path = ShowTableViewController.swift; sourceTree = "<group>"; };
		96B5107E22D13F2100E710C8 /* EditShowViewController.swift */ = {isa = PBXFileReference; lastKnownFileType = sourcecode.swift; path = EditShowViewController.swift; sourceTree = "<group>"; };
/* End PBXFileReference section */

/* Begin PBXFrameworksBuildPhase section */
		96A6BF4222D0408E00D280F7 /* Frameworks */ = {
			isa = PBXFrameworksBuildPhase;
			buildActionMask = 2147483647;
			files = (
			);
			runOnlyForDeploymentPostprocessing = 0;
		};
		96A6BF5922D0408F00D280F7 /* Frameworks */ = {
			isa = PBXFrameworksBuildPhase;
			buildActionMask = 2147483647;
			files = (
			);
			runOnlyForDeploymentPostprocessing = 0;
		};
		96A6BF6422D0408F00D280F7 /* Frameworks */ = {
			isa = PBXFrameworksBuildPhase;
			buildActionMask = 2147483647;
			files = (
			);
			runOnlyForDeploymentPostprocessing = 0;
		};
/* End PBXFrameworksBuildPhase section */

/* Begin PBXGroup section */
		96A6BF3C22D0408E00D280F7 = {
			isa = PBXGroup;
			children = (
				96A6BF4722D0408E00D280F7 /* Show Tracker */,
				96A6BF5F22D0408F00D280F7 /* Show TrackerTests */,
				96A6BF6A22D0408F00D280F7 /* Show TrackerUITests */,
				96A6BF4622D0408E00D280F7 /* Products */,
			);
			sourceTree = "<group>";
		};
		96A6BF4622D0408E00D280F7 /* Products */ = {
			isa = PBXGroup;
			children = (
				96A6BF4522D0408E00D280F7 /* Show Tracker.app */,
				96A6BF5C22D0408F00D280F7 /* Show TrackerTests.xctest */,
				96A6BF6722D0408F00D280F7 /* Show TrackerUITests.xctest */,
			);
			name = Products;
			sourceTree = "<group>";
		};
		96A6BF4722D0408E00D280F7 /* Show Tracker */ = {
			isa = PBXGroup;
			children = (
				96A6BF4822D0408E00D280F7 /* AppDelegate.swift */,
				96A6BF4C22D0408E00D280F7 /* Main.storyboard */,
				96A6BF5222D0408F00D280F7 /* Assets.xcassets */,
				96A6BF5422D0408F00D280F7 /* LaunchScreen.storyboard */,
				96A6BF5722D0408F00D280F7 /* Info.plist */,
				96A6BF4F22D0408E00D280F7 /* Show_Tracker.xcdatamodeld */,
				96A6BF7922D0410D00D280F7 /* ShowTableViewController.swift */,
				96B5107E22D13F2100E710C8 /* EditShowViewController.swift */,
			);
			path = "Show Tracker";
			sourceTree = "<group>";
		};
		96A6BF5F22D0408F00D280F7 /* Show TrackerTests */ = {
			isa = PBXGroup;
			children = (
				96A6BF6022D0408F00D280F7 /* Show_TrackerTests.swift */,
				96A6BF6222D0408F00D280F7 /* Info.plist */,
			);
			path = "Show TrackerTests";
			sourceTree = "<group>";
		};
		96A6BF6A22D0408F00D280F7 /* Show TrackerUITests */ = {
			isa = PBXGroup;
			children = (
				96A6BF6B22D0408F00D280F7 /* Show_TrackerUITests.swift */,
				96A6BF6D22D0408F00D280F7 /* Info.plist */,
			);
			path = "Show TrackerUITests";
			sourceTree = "<group>";
		};
/* End PBXGroup section */

/* Begin PBXNativeTarget section */
		96A6BF4422D0408E00D280F7 /* Show Tracker */ = {
			isa = PBXNativeTarget;
			buildConfigurationList = 96A6BF7022D0408F00D280F7 /* Build configuration list for PBXNativeTarget "Show Tracker" */;
			buildPhases = (
				96A6BF4122D0408E00D280F7 /* Sources */,
				96A6BF4222D0408E00D280F7 /* Frameworks */,
				96A6BF4322D0408E00D280F7 /* Resources */,
			);
			buildRules = (
			);
			dependencies = (
			);
			name = "Show Tracker";
			productName = "Show Tracker";
			productReference = 96A6BF4522D0408E00D280F7 /* Show Tracker.app */;
			productType = "com.apple.product-type.application";
		};
		96A6BF5B22D0408F00D280F7 /* Show TrackerTests */ = {
			isa = PBXNativeTarget;
			buildConfigurationList = 96A6BF7322D0408F00D280F7 /* Build configuration list for PBXNativeTarget "Show TrackerTests" */;
			buildPhases = (
				96A6BF5822D0408F00D280F7 /* Sources */,
				96A6BF5922D0408F00D280F7 /* Frameworks */,
				96A6BF5A22D0408F00D280F7 /* Resources */,
			);
			buildRules = (
			);
			dependencies = (
				96A6BF5E22D0408F00D280F7 /* PBXTargetDependency */,
			);
			name = "Show TrackerTests";
			productName = "Show TrackerTests";
			productReference = 96A6BF5C22D0408F00D280F7 /* Show TrackerTests.xctest */;
			productType = "com.apple.product-type.bundle.unit-test";
		};
		96A6BF6622D0408F00D280F7 /* Show TrackerUITests */ = {
			isa = PBXNativeTarget;
			buildConfigurationList = 96A6BF7622D0408F00D280F7 /* Build configuration list for PBXNativeTarget "Show TrackerUITests" */;
			buildPhases = (
				96A6BF6322D0408F00D280F7 /* Sources */,
				96A6BF6422D0408F00D280F7 /* Frameworks */,
				96A6BF6522D0408F00D280F7 /* Resources */,
			);
			buildRules = (
			);
			dependencies = (
				96A6BF6922D0408F00D280F7 /* PBXTargetDependency */,
			);
			name = "Show TrackerUITests";
			productName = "Show TrackerUITests";
			productReference = 96A6BF6722D0408F00D280F7 /* Show TrackerUITests.xctest */;
			productType = "com.apple.product-type.bundle.ui-testing";
		};
/* End PBXNativeTarget section */

/* Begin PBXProject section */
		96A6BF3D22D0408E00D280F7 /* Project object */ = {
			isa = PBXProject;
			attributes = {
				LastSwiftUpdateCheck = 1020;
				LastUpgradeCheck = 1020;
				ORGANIZATIONNAME = "AJ inc. Designs";
				TargetAttributes = {
					96A6BF4422D0408E00D280F7 = {
						CreatedOnToolsVersion = 10.2.1;
					};
					96A6BF5B22D0408F00D280F7 = {
						CreatedOnToolsVersion = 10.2.1;
						TestTargetID = 96A6BF4422D0408E00D280F7;
					};
					96A6BF6622D0408F00D280F7 = {
						CreatedOnToolsVersion = 10.2.1;
						TestTargetID = 96A6BF4422D0408E00D280F7;
					};
				};
			};
			buildConfigurationList = 96A6BF4022D0408E00D280F7 /* Build configuration list for PBXProject "Show Tracker" */;
			compatibilityVersion = "Xcode 9.3";
			developmentRegion = en;
			hasScannedForEncodings = 0;
			knownRegions = (
				en,
				Base,
			);
			mainGroup = 96A6BF3C22D0408E00D280F7;
			productRefGroup = 96A6BF4622D0408E00D280F7 /* Products */;
			projectDirPath = "";
			projectRoot = "";
			targets = (
				96A6BF4422D0408E00D280F7 /* Show Tracker */,
				96A6BF5B22D0408F00D280F7 /* Show TrackerTests */,
				96A6BF6622D0408F00D280F7 /* Show TrackerUITests */,
			);
		};
/* End PBXProject section */

/* Begin PBXResourcesBuildPhase section */
		96A6BF4322D0408E00D280F7 /* Resources */ = {
			isa = PBXResourcesBuildPhase;
			buildActionMask = 2147483647;
			files = (
				96A6BF5622D0408F00D280F7 /* LaunchScreen.storyboard in Resources */,
				96A6BF5322D0408F00D280F7 /* Assets.xcassets in Resources */,
				96A6BF4E22D0408E00D280F7 /* Main.storyboard in Resources */,
			);
			runOnlyForDeploymentPostprocessing = 0;
		};
		96A6BF5A22D0408F00D280F7 /* Resources */ = {
			isa = PBXResourcesBuildPhase;
			buildActionMask = 2147483647;
			files = (
			);
			runOnlyForDeploymentPostprocessing = 0;
		};
		96A6BF6522D0408F00D280F7 /* Resources */ = {
			isa = PBXResourcesBuildPhase;
			buildActionMask = 2147483647;
			files = (
			);
			runOnlyForDeploymentPostprocessing = 0;
		};
/* End PBXResourcesBuildPhase section */

/* Begin PBXSourcesBuildPhase section */
		96A6BF4122D0408E00D280F7 /* Sources */ = {
			isa = PBXSourcesBuildPhase;
			buildActionMask = 2147483647;
			files = (
				96A6BF7A22D0410D00D280F7 /* ShowTableViewController.swift in Sources */,
				96A6BF5122D0408E00D280F7 /* Show_Tracker.xcdatamodeld in Sources */,
				96A6BF4922D0408E00D280F7 /* AppDelegate.swift in Sources */,
				96B5107F22D13F2100E710C8 /* EditShowViewController.swift in Sources */,
			);
			runOnlyForDeploymentPostprocessing = 0;
		};
		96A6BF5822D0408F00D280F7 /* Sources */ = {
			isa = PBXSourcesBuildPhase;
			buildActionMask = 2147483647;
			files = (
				96A6BF6122D0408F00D280F7 /* Show_TrackerTests.swift in Sources */,
			);
			runOnlyForDeploymentPostprocessing = 0;
		};
		96A6BF6322D0408F00D280F7 /* Sources */ = {
			isa = PBXSourcesBuildPhase;
			buildActionMask = 2147483647;
			files = (
				96A6BF6C22D0408F00D280F7 /* Show_TrackerUITests.swift in Sources */,
			);
			runOnlyForDeploymentPostprocessing = 0;
		};
/* End PBXSourcesBuildPhase section */

/* Begin PBXTargetDependency section */
		96A6BF5E22D0408F00D280F7 /* PBXTargetDependency */ = {
			isa = PBXTargetDependency;
			target = 96A6BF4422D0408E00D280F7 /* Show Tracker */;
			targetProxy = 96A6BF5D22D0408F00D280F7 /* PBXContainerItemProxy */;
		};
		96A6BF6922D0408F00D280F7 /* PBXTargetDependency */ = {
			isa = PBXTargetDependency;
			target = 96A6BF4422D0408E00D280F7 /* Show Tracker */;
			targetProxy = 96A6BF6822D0408F00D280F7 /* PBXContainerItemProxy */;
		};
/* End PBXTargetDependency section */

/* Begin PBXVariantGroup section */
		96A6BF4C22D0408E00D280F7 /* Main.storyboard */ = {
			isa = PBXVariantGroup;
			children = (
				96A6BF4D22D0408E00D280F7 /* Base */,
			);
			name = Main.storyboard;
			sourceTree = "<group>";
		};
		96A6BF5422D0408F00D280F7 /* LaunchScreen.storyboard */ = {
			isa = PBXVariantGroup;
			children = (
				96A6BF5522D0408F00D280F7 /* Base */,
			);
			name = LaunchScreen.storyboard;
			sourceTree = "<group>";
		};
/* End PBXVariantGroup section */

/* Begin XCBuildConfiguration section */
		96A6BF6E22D0408F00D280F7 /* Debug */ = {
			isa = XCBuildConfiguration;
			buildSettings = {
				ALWAYS_SEARCH_USER_PATHS = NO;
				CLANG_ANALYZER_NONNULL = YES;
				CLANG_ANALYZER_NUMBER_OBJECT_CONVERSION = YES_AGGRESSIVE;
				CLANG_CXX_LANGUAGE_STANDARD = "gnu++14";
				CLANG_CXX_LIBRARY = "libc++";
				CLANG_ENABLE_MODULES = YES;
				CLANG_ENABLE_OBJC_ARC = YES;
				CLANG_ENABLE_OBJC_WEAK = YES;
				CLANG_WARN_BLOCK_CAPTURE_AUTORELEASING = YES;
				CLANG_WARN_BOOL_CONVERSION = YES;
				CLANG_WARN_COMMA = YES;
				CLANG_WARN_CONSTANT_CONVERSION = YES;
				CLANG_WARN_DEPRECATED_OBJC_IMPLEMENTATIONS = YES;
				CLANG_WARN_DIRECT_OBJC_ISA_USAGE = YES_ERROR;
				CLANG_WARN_DOCUMENTATION_COMMENTS = YES;
				CLANG_WARN_EMPTY_BODY = YES;
				CLANG_WARN_ENUM_CONVERSION = YES;
				CLANG_WARN_INFINITE_RECURSION = YES;
				CLANG_WARN_INT_CONVERSION = YES;
				CLANG_WARN_NON_LITERAL_NULL_CONVERSION = YES;
				CLANG_WARN_OBJC_IMPLICIT_RETAIN_SELF = YES;
				CLANG_WARN_OBJC_LITERAL_CONVERSION = YES;
				CLANG_WARN_OBJC_ROOT_CLASS = YES_ERROR;
				CLANG_WARN_RANGE_LOOP_ANALYSIS = YES;
				CLANG_WARN_STRICT_PROTOTYPES = YES;
				CLANG_WARN_SUSPICIOUS_MOVE = YES;
				CLANG_WARN_UNGUARDED_AVAILABILITY = YES_AGGRESSIVE;
				CLANG_WARN_UNREACHABLE_CODE = YES;
				CLANG_WARN__DUPLICATE_METHOD_MATCH = YES;
				CODE_SIGN_IDENTITY = "iPhone Developer";
				COPY_PHASE_STRIP = NO;
				DEBUG_INFORMATION_FORMAT = dwarf;
				ENABLE_STRICT_OBJC_MSGSEND = YES;
				ENABLE_TESTABILITY = YES;
				GCC_C_LANGUAGE_STANDARD = gnu11;
				GCC_DYNAMIC_NO_PIC = NO;
				GCC_NO_COMMON_BLOCKS = YES;
				GCC_OPTIMIZATION_LEVEL = 0;
				GCC_PREPROCESSOR_DEFINITIONS = (
					"DEBUG=1",
					"$(inherited)",
				);
				GCC_WARN_64_TO_32_BIT_CONVERSION = YES;
				GCC_WARN_ABOUT_RETURN_TYPE = YES_ERROR;
				GCC_WARN_UNDECLARED_SELECTOR = YES;
				GCC_WARN_UNINITIALIZED_AUTOS = YES_AGGRESSIVE;
				GCC_WARN_UNUSED_FUNCTION = YES;
				GCC_WARN_UNUSED_VARIABLE = YES;
				IPHONEOS_DEPLOYMENT_TARGET = 12.2;
				MTL_ENABLE_DEBUG_INFO = INCLUDE_SOURCE;
				MTL_FAST_MATH = YES;
				ONLY_ACTIVE_ARCH = YES;
				SDKROOT = iphoneos;
				SWIFT_ACTIVE_COMPILATION_CONDITIONS = DEBUG;
				SWIFT_OPTIMIZATION_LEVEL = "-Onone";
			};
			name = Debug;
		};
		96A6BF6F22D0408F00D280F7 /* Release */ = {
			isa = XCBuildConfiguration;
			buildSettings = {
				ALWAYS_SEARCH_USER_PATHS = NO;
				CLANG_ANALYZER_NONNULL = YES;
				CLANG_ANALYZER_NUMBER_OBJECT_CONVERSION = YES_AGGRESSIVE;
				CLANG_CXX_LANGUAGE_STANDARD = "gnu++14";
				CLANG_CXX_LIBRARY = "libc++";
				CLANG_ENABLE_MODULES = YES;
				CLANG_ENABLE_OBJC_ARC = YES;
				CLANG_ENABLE_OBJC_WEAK = YES;
				CLANG_WARN_BLOCK_CAPTURE_AUTORELEASING = YES;
				CLANG_WARN_BOOL_CONVERSION = YES;
				CLANG_WARN_COMMA = YES;
				CLANG_WARN_CONSTANT_CONVERSION = YES;
				CLANG_WARN_DEPRECATED_OBJC_IMPLEMENTATIONS = YES;
				CLANG_WARN_DIRECT_OBJC_ISA_USAGE = YES_ERROR;
				CLANG_WARN_DOCUMENTATION_COMMENTS = YES;
				CLANG_WARN_EMPTY_BODY = YES;
				CLANG_WARN_ENUM_CONVERSION = YES;
				CLANG_WARN_INFINITE_RECURSION = YES;
				CLANG_WARN_INT_CONVERSION = YES;
				CLANG_WARN_NON_LITERAL_NULL_CONVERSION = YES;
				CLANG_WARN_OBJC_IMPLICIT_RETAIN_SELF = YES;
				CLANG_WARN_OBJC_LITERAL_CONVERSION = YES;
				CLANG_WARN_OBJC_ROOT_CLASS = YES_ERROR;
				CLANG_WARN_RANGE_LOOP_ANALYSIS = YES;
				CLANG_WARN_STRICT_PROTOTYPES = YES;
				CLANG_WARN_SUSPICIOUS_MOVE = YES;
				CLANG_WARN_UNGUARDED_AVAILABILITY = YES_AGGRESSIVE;
				CLANG_WARN_UNREACHABLE_CODE = YES;
				CLANG_WARN__DUPLICATE_METHOD_MATCH = YES;
				CODE_SIGN_IDENTITY = "iPhone Developer";
				COPY_PHASE_STRIP = NO;
				DEBUG_INFORMATION_FORMAT = "dwarf-with-dsym";
				ENABLE_NS_ASSERTIONS = NO;
				ENABLE_STRICT_OBJC_MSGSEND = YES;
				GCC_C_LANGUAGE_STANDARD = gnu11;
				GCC_NO_COMMON_BLOCKS = YES;
				GCC_WARN_64_TO_32_BIT_CONVERSION = YES;
				GCC_WARN_ABOUT_RETURN_TYPE = YES_ERROR;
				GCC_WARN_UNDECLARED_SELECTOR = YES;
				GCC_WARN_UNINITIALIZED_AUTOS = YES_AGGRESSIVE;
				GCC_WARN_UNUSED_FUNCTION = YES;
				GCC_WARN_UNUSED_VARIABLE = YES;
				IPHONEOS_DEPLOYMENT_TARGET = 12.2;
				MTL_ENABLE_DEBUG_INFO = NO;
				MTL_FAST_MATH = YES;
				SDKROOT = iphoneos;
				SWIFT_COMPILATION_MODE = wholemodule;
				SWIFT_OPTIMIZATION_LEVEL = "-O";
				VALIDATE_PRODUCT = YES;
			};
			name = Release;
		};
		96A6BF7122D0408F00D280F7 /* Debug */ = {
			isa = XCBuildConfiguration;
			buildSettings = {
				ASSETCATALOG_COMPILER_APPICON_NAME = AppIcon;
				CODE_SIGN_STYLE = Automatic;
				DEVELOPMENT_TEAM = UXQ8Y7YCZ2;
				INFOPLIST_FILE = "Show Tracker/Info.plist";
				LD_RUNPATH_SEARCH_PATHS = (
					"$(inherited)",
					"@executable_path/Frameworks",
				);
				PRODUCT_BUNDLE_IDENTIFIER = "com.ajinc.Show-Tracker";
				PRODUCT_NAME = "$(TARGET_NAME)";
				SWIFT_VERSION = 5.0;
				TARGETED_DEVICE_FAMILY = "1,2";
			};
			name = Debug;
		};
		96A6BF7222D0408F00D280F7 /* Release */ = {
			isa = XCBuildConfiguration;
			buildSettings = {
				ASSETCATALOG_COMPILER_APPICON_NAME = AppIcon;
				CODE_SIGN_STYLE = Automatic;
				DEVELOPMENT_TEAM = UXQ8Y7YCZ2;
				INFOPLIST_FILE = "Show Tracker/Info.plist";
				LD_RUNPATH_SEARCH_PATHS = (
					"$(inherited)",
					"@executable_path/Frameworks",
				);
				PRODUCT_BUNDLE_IDENTIFIER = "com.ajinc.Show-Tracker";
				PRODUCT_NAME = "$(TARGET_NAME)";
				SWIFT_VERSION = 5.0;
				TARGETED_DEVICE_FAMILY = "1,2";
			};
			name = Release;
		};
		96A6BF7422D0408F00D280F7 /* Debug */ = {
			isa = XCBuildConfiguration;
			buildSettings = {
				ALWAYS_EMBED_SWIFT_STANDARD_LIBRARIES = YES;
				BUNDLE_LOADER = "$(TEST_HOST)";
				CODE_SIGN_STYLE = Automatic;
				DEVELOPMENT_TEAM = UXQ8Y7YCZ2;
				INFOPLIST_FILE = "Show TrackerTests/Info.plist";
				LD_RUNPATH_SEARCH_PATHS = (
					"$(inherited)",
					"@executable_path/Frameworks",
					"@loader_path/Frameworks",
				);
				PRODUCT_BUNDLE_IDENTIFIER = "com.ajinc.Show-TrackerTests";
				PRODUCT_NAME = "$(TARGET_NAME)";
				SWIFT_VERSION = 5.0;
				TARGETED_DEVICE_FAMILY = "1,2";
				TEST_HOST = "$(BUILT_PRODUCTS_DIR)/Show Tracker.app/Show Tracker";
			};
			name = Debug;
		};
		96A6BF7522D0408F00D280F7 /* Release */ = {
			isa = XCBuildConfiguration;
			buildSettings = {
				ALWAYS_EMBED_SWIFT_STANDARD_LIBRARIES = YES;
				BUNDLE_LOADER = "$(TEST_HOST)";
				CODE_SIGN_STYLE = Automatic;
				DEVELOPMENT_TEAM = UXQ8Y7YCZ2;
				INFOPLIST_FILE = "Show TrackerTests/Info.plist";
				LD_RUNPATH_SEARCH_PATHS = (
					"$(inherited)",
					"@executable_path/Frameworks",
					"@loader_path/Frameworks",
				);
				PRODUCT_BUNDLE_IDENTIFIER = "com.ajinc.Show-TrackerTests";
				PRODUCT_NAME = "$(TARGET_NAME)";
				SWIFT_VERSION = 5.0;
				TARGETED_DEVICE_FAMILY = "1,2";
				TEST_HOST = "$(BUILT_PRODUCTS_DIR)/Show Tracker.app/Show Tracker";
			};
			name = Release;
		};
		96A6BF7722D0408F00D280F7 /* Debug */ = {
			isa = XCBuildConfiguration;
			buildSettings = {
				ALWAYS_EMBED_SWIFT_STANDARD_LIBRARIES = YES;
				CODE_SIGN_STYLE = Automatic;
				DEVELOPMENT_TEAM = UXQ8Y7YCZ2;
				INFOPLIST_FILE = "Show TrackerUITests/Info.plist";
				LD_RUNPATH_SEARCH_PATHS = (
					"$(inherited)",
					"@executable_path/Frameworks",
					"@loader_path/Frameworks",
				);
				PRODUCT_BUNDLE_IDENTIFIER = "com.ajinc.Show-TrackerUITests";
				PRODUCT_NAME = "$(TARGET_NAME)";
				SWIFT_VERSION = 5.0;
				TARGETED_DEVICE_FAMILY = "1,2";
				TEST_TARGET_NAME = "Show Tracker";
			};
			name = Debug;
		};
		96A6BF7822D0408F00D280F7 /* Release */ = {
			isa = XCBuildConfiguration;
			buildSettings = {
				ALWAYS_EMBED_SWIFT_STANDARD_LIBRARIES = YES;
				CODE_SIGN_STYLE = Automatic;
				DEVELOPMENT_TEAM = UXQ8Y7YCZ2;
				INFOPLIST_FILE = "Show TrackerUITests/Info.plist";
				LD_RUNPATH_SEARCH_PATHS = (
					"$(inherited)",
					"@executable_path/Frameworks",
					"@loader_path/Frameworks",
				);
				PRODUCT_BUNDLE_IDENTIFIER = "com.ajinc.Show-TrackerUITests";
				PRODUCT_NAME = "$(TARGET_NAME)";
				SWIFT_VERSION = 5.0;
				TARGETED_DEVICE_FAMILY = "1,2";
				TEST_TARGET_NAME = "Show Tracker";
			};
			name = Release;
		};
/* End XCBuildConfiguration section */

/* Begin XCConfigurationList section */
		96A6BF4022D0408E00D280F7 /* Build configuration list for PBXProject "Show Tracker" */ = {
			isa = XCConfigurationList;
			buildConfigurations = (
				96A6BF6E22D0408F00D280F7 /* Debug */,
				96A6BF6F22D0408F00D280F7 /* Release */,
			);
			defaultConfigurationIsVisible = 0;
			defaultConfigurationName = Release;
		};
		96A6BF7022D0408F00D280F7 /* Build configuration list for PBXNativeTarget "Show Tracker" */ = {
			isa = XCConfigurationList;
			buildConfigurations = (
				96A6BF7122D0408F00D280F7 /* Debug */,
				96A6BF7222D0408F00D280F7 /* Release */,
			);
			defaultConfigurationIsVisible = 0;
			defaultConfigurationName = Release;
		};
		96A6BF7322D0408F00D280F7 /* Build configuration list for PBXNativeTarget "Show TrackerTests" */ = {
			isa = XCConfigurationList;
			buildConfigurations = (
				96A6BF7422D0408F00D280F7 /* Debug */,
				96A6BF7522D0408F00D280F7 /* Release */,
			);
			defaultConfigurationIsVisible = 0;
			defaultConfigurationName = Release;
		};
		96A6BF7622D0408F00D280F7 /* Build configuration list for PBXNativeTarget "Show TrackerUITests" */ = {
			isa = XCConfigurationList;
			buildConfigurations = (
				96A6BF7722D0408F00D280F7 /* Debug */,
				96A6BF7822D0408F00D280F7 /* Release */,
			);
			defaultConfigurationIsVisible = 0;
			defaultConfigurationName = Release;
		};
/* End XCConfigurationList section */

/* Begin XCVersionGroup section */
		96A6BF4F22D0408E00D280F7 /* Show_Tracker.xcdatamodeld */ = {
			isa = XCVersionGroup;
			children = (
				96A6BF5022D0408E00D280F7 /* Show_Tracker.xcdatamodel */,
			);
			currentVersion = 96A6BF5022D0408E00D280F7 /* Show_Tracker.xcdatamodel */;
			path = Show_Tracker.xcdatamodeld;
			sourceTree = "<group>";
			versionGroupType = wrapper.xcdatamodel;
		};
/* End XCVersionGroup section */
	};
	rootObject = 96A6BF3D22D0408E00D280F7 /* Project object */;
}
